// !$*UTF8*$!
{
	archiveVersion = 1;
	classes = {
	};
	objectVersion = 50;
	objects = {

/* Begin PBXBuildFile section */
		A2244370263734E400108346 /* Speech2Query.h in Headers */ = {isa = PBXBuildFile; fileRef = A224436E263734E400108346 /* Speech2Query.h */; settings = {ATTRIBUTES = (Public, ); }; };
		A22443782637356C00108346 /* ModelTaxonomy.swift in Sources */ = {isa = PBXBuildFile; fileRef = A22443772637356C00108346 /* ModelTaxonomy.swift */; };
		A224437B263735E800108346 /* AttributeRestrictionModel.swift in Sources */ = {isa = PBXBuildFile; fileRef = A224437A263735E800108346 /* AttributeRestrictionModel.swift */; };
		A22443842639D0DC00108346 /* Speech2QueryInjectionProvider.swift in Sources */ = {isa = PBXBuildFile; fileRef = A22443832639D0DC00108346 /* Speech2QueryInjectionProvider.swift */; };
		A22443892639D25900108346 /* TextToQueryParser.swift in Sources */ = {isa = PBXBuildFile; fileRef = A22443882639D25900108346 /* TextToQueryParser.swift */; };
		A224438D2639E38D00108346 /* AttributeRestrictionModelFactory.swift in Sources */ = {isa = PBXBuildFile; fileRef = A224438C2639E38D00108346 /* AttributeRestrictionModelFactory.swift */; };
		A22443902639E6AE00108346 /* BidirectionalLSTMAttributeRestrictionModel.swift in Sources */ = {isa = PBXBuildFile; fileRef = A224438F2639E6AE00108346 /* BidirectionalLSTMAttributeRestrictionModel.swift */; };
/* End PBXBuildFile section */

/* Begin PBXFileReference section */
		A224436B263734E400108346 /* Speech2Query.framework */ = {isa = PBXFileReference; explicitFileType = wrapper.framework; includeInIndex = 0; path = Speech2Query.framework; sourceTree = BUILT_PRODUCTS_DIR; };
		A224436E263734E400108346 /* Speech2Query.h */ = {isa = PBXFileReference; lastKnownFileType = sourcecode.c.h; path = Speech2Query.h; sourceTree = "<group>"; };
		A224436F263734E400108346 /* Info.plist */ = {isa = PBXFileReference; lastKnownFileType = text.plist.xml; path = Info.plist; sourceTree = "<group>"; };
		A22443772637356C00108346 /* ModelTaxonomy.swift */ = {isa = PBXFileReference; lastKnownFileType = sourcecode.swift; path = ModelTaxonomy.swift; sourceTree = "<group>"; };
		A224437A263735E800108346 /* AttributeRestrictionModel.swift */ = {isa = PBXFileReference; lastKnownFileType = sourcecode.swift; path = AttributeRestrictionModel.swift; sourceTree = "<group>"; };
		A22443832639D0DC00108346 /* Speech2QueryInjectionProvider.swift */ = {isa = PBXFileReference; lastKnownFileType = sourcecode.swift; path = Speech2QueryInjectionProvider.swift; sourceTree = "<group>"; };
		A22443882639D25900108346 /* TextToQueryParser.swift */ = {isa = PBXFileReference; lastKnownFileType = sourcecode.swift; path = TextToQueryParser.swift; sourceTree = "<group>"; };
		A224438C2639E38D00108346 /* AttributeRestrictionModelFactory.swift */ = {isa = PBXFileReference; lastKnownFileType = sourcecode.swift; path = AttributeRestrictionModelFactory.swift; sourceTree = "<group>"; };
		A224438F2639E6AE00108346 /* BidirectionalLSTMAttributeRestrictionModel.swift */ = {isa = PBXFileReference; lastKnownFileType = sourcecode.swift; path = BidirectionalLSTMAttributeRestrictionModel.swift; sourceTree = "<group>"; };
/* End PBXFileReference section */

/* Begin PBXFrameworksBuildPhase section */
		A2244368263734E400108346 /* Frameworks */ = {
			isa = PBXFrameworksBuildPhase;
			buildActionMask = 2147483647;
			files = (
			);
			runOnlyForDeploymentPostprocessing = 0;
		};
/* End PBXFrameworksBuildPhase section */

/* Begin PBXGroup section */
		A2244361263734E400108346 = {
			isa = PBXGroup;
			children = (
				A224436D263734E400108346 /* Speech2Query */,
				A224436C263734E400108346 /* Products */,
			);
			sourceTree = "<group>";
		};
		A224436C263734E400108346 /* Products */ = {
			isa = PBXGroup;
			children = (
				A224436B263734E400108346 /* Speech2Query.framework */,
			);
			name = Products;
			sourceTree = "<group>";
		};
		A224436D263734E400108346 /* Speech2Query */ = {
			isa = PBXGroup;
			children = (
				A22443832639D0DC00108346 /* Speech2QueryInjectionProvider.swift */,
				A22443882639D25900108346 /* TextToQueryParser.swift */,
				A22443772637356C00108346 /* ModelTaxonomy.swift */,
				A224438C2639E38D00108346 /* AttributeRestrictionModelFactory.swift */,
				A224437A263735E800108346 /* AttributeRestrictionModel.swift */,
				A224438F2639E6AE00108346 /* BidirectionalLSTMAttributeRestrictionModel.swift */,
				A224436E263734E400108346 /* Speech2Query.h */,
				A224436F263734E400108346 /* Info.plist */,
			);
			path = Speech2Query;
			sourceTree = "<group>";
		};
/* End PBXGroup section */

/* Begin PBXHeadersBuildPhase section */
		A2244366263734E400108346 /* Headers */ = {
			isa = PBXHeadersBuildPhase;
			buildActionMask = 2147483647;
			files = (
				A2244370263734E400108346 /* Speech2Query.h in Headers */,
			);
			runOnlyForDeploymentPostprocessing = 0;
		};
/* End PBXHeadersBuildPhase section */

/* Begin PBXNativeTarget section */
		A224436A263734E400108346 /* Speech2Query */ = {
			isa = PBXNativeTarget;
			buildConfigurationList = A2244373263734E400108346 /* Build configuration list for PBXNativeTarget "Speech2Query" */;
			buildPhases = (
				A2244366263734E400108346 /* Headers */,
				A2244367263734E400108346 /* Sources */,
				A2244368263734E400108346 /* Frameworks */,
				A2244369263734E400108346 /* Resources */,
			);
			buildRules = (
			);
			dependencies = (
			);
			name = Speech2Query;
			productName = Speech2Query;
			productReference = A224436B263734E400108346 /* Speech2Query.framework */;
			productType = "com.apple.product-type.framework";
		};
/* End PBXNativeTarget section */

/* Begin PBXProject section */
		A2244362263734E400108346 /* Project object */ = {
			isa = PBXProject;
			attributes = {
				LastUpgradeCheck = 1240;
				TargetAttributes = {
					A224436A263734E400108346 = {
						CreatedOnToolsVersion = 12.4;
						LastSwiftMigration = 1240;
					};
				};
			};
			buildConfigurationList = A2244365263734E400108346 /* Build configuration list for PBXProject "Speech2Query" */;
			compatibilityVersion = "Xcode 9.3";
			developmentRegion = en;
			hasScannedForEncodings = 0;
			knownRegions = (
				en,
				Base,
			);
			mainGroup = A2244361263734E400108346;
			productRefGroup = A224436C263734E400108346 /* Products */;
			projectDirPath = "";
			projectRoot = "";
			targets = (
				A224436A263734E400108346 /* Speech2Query */,
			);
		};
/* End PBXProject section */

/* Begin PBXResourcesBuildPhase section */
		A2244369263734E400108346 /* Resources */ = {
			isa = PBXResourcesBuildPhase;
			buildActionMask = 2147483647;
			files = (
			);
			runOnlyForDeploymentPostprocessing = 0;
		};
/* End PBXResourcesBuildPhase section */

/* Begin PBXSourcesBuildPhase section */
		A2244367263734E400108346 /* Sources */ = {
			isa = PBXSourcesBuildPhase;
			buildActionMask = 2147483647;
			files = (
				A22443902639E6AE00108346 /* BidirectionalLSTMAttributeRestrictionModel.swift in Sources */,
				A22443842639D0DC00108346 /* Speech2QueryInjectionProvider.swift in Sources */,
				A22443892639D25900108346 /* TextToQueryParser.swift in Sources */,
				A22443782637356C00108346 /* ModelTaxonomy.swift in Sources */,
				A224438D2639E38D00108346 /* AttributeRestrictionModelFactory.swift in Sources */,
				A224437B263735E800108346 /* AttributeRestrictionModel.swift in Sources */,
			);
			runOnlyForDeploymentPostprocessing = 0;
		};
/* End PBXSourcesBuildPhase section */

/* Begin XCBuildConfiguration section */
		A2244371263734E400108346 /* Debug */ = {
			isa = XCBuildConfiguration;
			buildSettings = {
				ALWAYS_SEARCH_USER_PATHS = NO;
				CLANG_ANALYZER_NONNULL = YES;
				CLANG_ANALYZER_NUMBER_OBJECT_CONVERSION = YES_AGGRESSIVE;
				CLANG_CXX_LANGUAGE_STANDARD = "gnu++14";
				CLANG_CXX_LIBRARY = "libc++";
				CLANG_ENABLE_MODULES = YES;
				CLANG_ENABLE_OBJC_ARC = YES;
				CLANG_ENABLE_OBJC_WEAK = YES;
				CLANG_WARN_BLOCK_CAPTURE_AUTORELEASING = YES;
				CLANG_WARN_BOOL_CONVERSION = YES;
				CLANG_WARN_COMMA = YES;
				CLANG_WARN_CONSTANT_CONVERSION = YES;
				CLANG_WARN_DEPRECATED_OBJC_IMPLEMENTATIONS = YES;
				CLANG_WARN_DIRECT_OBJC_ISA_USAGE = YES_ERROR;
				CLANG_WARN_DOCUMENTATION_COMMENTS = YES;
				CLANG_WARN_EMPTY_BODY = YES;
				CLANG_WARN_ENUM_CONVERSION = YES;
				CLANG_WARN_INFINITE_RECURSION = YES;
				CLANG_WARN_INT_CONVERSION = YES;
				CLANG_WARN_NON_LITERAL_NULL_CONVERSION = YES;
				CLANG_WARN_OBJC_IMPLICIT_RETAIN_SELF = YES;
				CLANG_WARN_OBJC_LITERAL_CONVERSION = YES;
				CLANG_WARN_OBJC_ROOT_CLASS = YES_ERROR;
				CLANG_WARN_QUOTED_INCLUDE_IN_FRAMEWORK_HEADER = YES;
				CLANG_WARN_RANGE_LOOP_ANALYSIS = YES;
				CLANG_WARN_STRICT_PROTOTYPES = YES;
				CLANG_WARN_SUSPICIOUS_MOVE = YES;
				CLANG_WARN_UNGUARDED_AVAILABILITY = YES_AGGRESSIVE;
				CLANG_WARN_UNREACHABLE_CODE = YES;
				CLANG_WARN__DUPLICATE_METHOD_MATCH = YES;
				COPY_PHASE_STRIP = NO;
				CURRENT_PROJECT_VERSION = 1;
				DEBUG_INFORMATION_FORMAT = dwarf;
				ENABLE_STRICT_OBJC_MSGSEND = YES;
				ENABLE_TESTABILITY = YES;
				GCC_C_LANGUAGE_STANDARD = gnu11;
				GCC_DYNAMIC_NO_PIC = NO;
				GCC_NO_COMMON_BLOCKS = YES;
				GCC_OPTIMIZATION_LEVEL = 0;
				GCC_PREPROCESSOR_DEFINITIONS = (
					"DEBUG=1",
					"$(inherited)",
				);
				GCC_WARN_64_TO_32_BIT_CONVERSION = YES;
				GCC_WARN_ABOUT_RETURN_TYPE = YES_ERROR;
				GCC_WARN_UNDECLARED_SELECTOR = YES;
				GCC_WARN_UNINITIALIZED_AUTOS = YES_AGGRESSIVE;
				GCC_WARN_UNUSED_FUNCTION = YES;
				GCC_WARN_UNUSED_VARIABLE = YES;
				IPHONEOS_DEPLOYMENT_TARGET = 14.4;
				MTL_ENABLE_DEBUG_INFO = INCLUDE_SOURCE;
				MTL_FAST_MATH = YES;
				ONLY_ACTIVE_ARCH = YES;
				SDKROOT = iphoneos;
				SWIFT_ACTIVE_COMPILATION_CONDITIONS = DEBUG;
				SWIFT_OPTIMIZATION_LEVEL = "-Onone";
				VERSIONING_SYSTEM = "apple-generic";
				VERSION_INFO_PREFIX = "";
			};
			name = Debug;
		};
		A2244372263734E400108346 /* Release */ = {
			isa = XCBuildConfiguration;
			buildSettings = {
				ALWAYS_SEARCH_USER_PATHS = NO;
				CLANG_ANALYZER_NONNULL = YES;
				CLANG_ANALYZER_NUMBER_OBJECT_CONVERSION = YES_AGGRESSIVE;
				CLANG_CXX_LANGUAGE_STANDARD = "gnu++14";
				CLANG_CXX_LIBRARY = "libc++";
				CLANG_ENABLE_MODULES = YES;
				CLANG_ENABLE_OBJC_ARC = YES;
				CLANG_ENABLE_OBJC_WEAK = YES;
				CLANG_WARN_BLOCK_CAPTURE_AUTORELEASING = YES;
				CLANG_WARN_BOOL_CONVERSION = YES;
				CLANG_WARN_COMMA = YES;
				CLANG_WARN_CONSTANT_CONVERSION = YES;
				CLANG_WARN_DEPRECATED_OBJC_IMPLEMENTATIONS = YES;
				CLANG_WARN_DIRECT_OBJC_ISA_USAGE = YES_ERROR;
				CLANG_WARN_DOCUMENTATION_COMMENTS = YES;
				CLANG_WARN_EMPTY_BODY = YES;
				CLANG_WARN_ENUM_CONVERSION = YES;
				CLANG_WARN_INFINITE_RECURSION = YES;
				CLANG_WARN_INT_CONVERSION = YES;
				CLANG_WARN_NON_LITERAL_NULL_CONVERSION = YES;
				CLANG_WARN_OBJC_IMPLICIT_RETAIN_SELF = YES;
				CLANG_WARN_OBJC_LITERAL_CONVERSION = YES;
				CLANG_WARN_OBJC_ROOT_CLASS = YES_ERROR;
				CLANG_WARN_QUOTED_INCLUDE_IN_FRAMEWORK_HEADER = YES;
				CLANG_WARN_RANGE_LOOP_ANALYSIS = YES;
				CLANG_WARN_STRICT_PROTOTYPES = YES;
				CLANG_WARN_SUSPICIOUS_MOVE = YES;
				CLANG_WARN_UNGUARDED_AVAILABILITY = YES_AGGRESSIVE;
				CLANG_WARN_UNREACHABLE_CODE = YES;
				CLANG_WARN__DUPLICATE_METHOD_MATCH = YES;
				COPY_PHASE_STRIP = NO;
				CURRENT_PROJECT_VERSION = 1;
				DEBUG_INFORMATION_FORMAT = "dwarf-with-dsym";
				ENABLE_NS_ASSERTIONS = NO;
				ENABLE_STRICT_OBJC_MSGSEND = YES;
				GCC_C_LANGUAGE_STANDARD = gnu11;
				GCC_NO_COMMON_BLOCKS = YES;
				GCC_WARN_64_TO_32_BIT_CONVERSION = YES;
				GCC_WARN_ABOUT_RETURN_TYPE = YES_ERROR;
				GCC_WARN_UNDECLARED_SELECTOR = YES;
				GCC_WARN_UNINITIALIZED_AUTOS = YES_AGGRESSIVE;
				GCC_WARN_UNUSED_FUNCTION = YES;
				GCC_WARN_UNUSED_VARIABLE = YES;
				IPHONEOS_DEPLOYMENT_TARGET = 14.4;
				MTL_ENABLE_DEBUG_INFO = NO;
				MTL_FAST_MATH = YES;
				SDKROOT = iphoneos;
				SWIFT_COMPILATION_MODE = wholemodule;
				SWIFT_OPTIMIZATION_LEVEL = "-O";
				VALIDATE_PRODUCT = YES;
				VERSIONING_SYSTEM = "apple-generic";
				VERSION_INFO_PREFIX = "";
			};
			name = Release;
		};
		A2244374263734E400108346 /* Debug */ = {
			isa = XCBuildConfiguration;
			buildSettings = {
				CLANG_ENABLE_MODULES = YES;
				CODE_SIGN_STYLE = Automatic;
				DEFINES_MODULE = YES;
				DEVELOPMENT_TEAM = M4DG35ZPLD;
				DYLIB_COMPATIBILITY_VERSION = 1;
				DYLIB_CURRENT_VERSION = 1;
				DYLIB_INSTALL_NAME_BASE = "@rpath";
				INFOPLIST_FILE = Speech2Query/Info.plist;
				INSTALL_PATH = "$(LOCAL_LIBRARY_DIR)/Frameworks";
				LD_RUNPATH_SEARCH_PATHS = (
					"$(inherited)",
					"@executable_path/Frameworks",
					"@loader_path/Frameworks",
				);
				PRODUCT_BUNDLE_IDENTIFIER = com.bnova.Speech2Query;
				PRODUCT_NAME = "$(TARGET_NAME:c99extidentifier)";
				SKIP_INSTALL = YES;
				SWIFT_OPTIMIZATION_LEVEL = "-Onone";
				SWIFT_VERSION = 5.0;
				TARGETED_DEVICE_FAMILY = "1,2";
			};
			name = Debug;
		};
		A2244375263734E400108346 /* Release */ = {
			isa = XCBuildConfiguration;
			buildSettings = {
				CLANG_ENABLE_MODULES = YES;
				CODE_SIGN_STYLE = Automatic;
				DEFINES_MODULE = YES;
				DEVELOPMENT_TEAM = M4DG35ZPLD;
				DYLIB_COMPATIBILITY_VERSION = 1;
				DYLIB_CURRENT_VERSION = 1;
				DYLIB_INSTALL_NAME_BASE = "@rpath";
				INFOPLIST_FILE = Speech2Query/Info.plist;
				INSTALL_PATH = "$(LOCAL_LIBRARY_DIR)/Frameworks";
				LD_RUNPATH_SEARCH_PATHS = (
					"$(inherited)",
					"@executable_path/Frameworks",
					"@loader_path/Frameworks",
				);
				PRODUCT_BUNDLE_IDENTIFIER = com.bnova.Speech2Query;
				PRODUCT_NAME = "$(TARGET_NAME:c99extidentifier)";
				SKIP_INSTALL = YES;
				SWIFT_VERSION = 5.0;
				TARGETED_DEVICE_FAMILY = "1,2";
			};
			name = Release;
		};
/* End XCBuildConfiguration section */

/* Begin XCConfigurationList section */
		A2244365263734E400108346 /* Build configuration list for PBXProject "Speech2Query" */ = {
			isa = XCConfigurationList;
			buildConfigurations = (
				A2244371263734E400108346 /* Debug */,
				A2244372263734E400108346 /* Release */,
			);
			defaultConfigurationIsVisible = 0;
			defaultConfigurationName = Release;
		};
		A2244373263734E400108346 /* Build configuration list for PBXNativeTarget "Speech2Query" */ = {
			isa = XCConfigurationList;
			buildConfigurations = (
				A2244374263734E400108346 /* Debug */,
				A2244375263734E400108346 /* Release */,
			);
			defaultConfigurationIsVisible = 0;
			defaultConfigurationName = Release;
		};
/* End XCConfigurationList section */
	};
	rootObject = A2244362263734E400108346 /* Project object */;
}
