// !$*UTF8*$!
{
	archiveVersion = 1;
	classes = {
	};
	objectVersion = 50;
	objects = {

/* Begin PBXBuildFile section */
		A231CEBB23415CCE00CCE625 /* DependencyInjection.framework in Frameworks */ = {isa = PBXBuildFile; fileRef = A231CEBA23415CCE00CCE625 /* DependencyInjection.framework */; };
		A231CEC323424D8D00CCE625 /* DataExportInjectionProvider.swift in Sources */ = {isa = PBXBuildFile; fileRef = A231CEC223424D8D00CCE625 /* DataExportInjectionProvider.swift */; };
		A231CEC72342521600CCE625 /* ExporterUtil.swift in Sources */ = {isa = PBXBuildFile; fileRef = A231CEC62342521600CCE625 /* ExporterUtil.swift */; };
		A29F68C5233EAAAB00B8DFDB /* DataExport.h in Headers */ = {isa = PBXBuildFile; fileRef = A29F68C3233EAAAB00B8DFDB /* DataExport.h */; settings = {ATTRIBUTES = (Public, ); }; };
		A29F68D2233EAAF500B8DFDB /* Exportable.swift in Sources */ = {isa = PBXBuildFile; fileRef = A29F68CB233EAAF400B8DFDB /* Exportable.swift */; };
		A29F68D4233EAAF500B8DFDB /* BaseExporter.swift in Sources */ = {isa = PBXBuildFile; fileRef = A29F68CD233EAAF400B8DFDB /* BaseExporter.swift */; };
		A29F68D6233EAAF500B8DFDB /* Exporter.swift in Sources */ = {isa = PBXBuildFile; fileRef = A29F68CF233EAAF400B8DFDB /* Exporter.swift */; };
		A29F68DB233EAB1B00B8DFDB /* Common.framework in Frameworks */ = {isa = PBXBuildFile; fileRef = A29F68DA233EAB1B00B8DFDB /* Common.framework */; };
		C1071AEEF8486515693EF96C /* Pods_DataExport.framework in Frameworks */ = {isa = PBXBuildFile; fileRef = 59E80EBC32C91162AB4338EA /* Pods_DataExport.framework */; };
/* End PBXBuildFile section */

/* Begin PBXFileReference section */
		59E80EBC32C91162AB4338EA /* Pods_DataExport.framework */ = {isa = PBXFileReference; explicitFileType = wrapper.framework; includeInIndex = 0; path = Pods_DataExport.framework; sourceTree = BUILT_PRODUCTS_DIR; };
		6A35DAE5EEAF312DF062DF86 /* Pods-DataExport.debug.xcconfig */ = {isa = PBXFileReference; includeInIndex = 1; lastKnownFileType = text.xcconfig; name = "Pods-DataExport.debug.xcconfig"; path = "../Pods/Target Support Files/Pods-DataExport/Pods-DataExport.debug.xcconfig"; sourceTree = "<group>"; };
		A231CEBA23415CCE00CCE625 /* DependencyInjection.framework */ = {isa = PBXFileReference; explicitFileType = wrapper.framework; path = DependencyInjection.framework; sourceTree = BUILT_PRODUCTS_DIR; };
		A231CEC223424D8D00CCE625 /* DataExportInjectionProvider.swift */ = {isa = PBXFileReference; lastKnownFileType = sourcecode.swift; path = DataExportInjectionProvider.swift; sourceTree = "<group>"; };
		A231CEC62342521600CCE625 /* ExporterUtil.swift */ = {isa = PBXFileReference; lastKnownFileType = sourcecode.swift; path = ExporterUtil.swift; sourceTree = "<group>"; };
		A29F68C0233EAAAB00B8DFDB /* DataExport.framework */ = {isa = PBXFileReference; explicitFileType = wrapper.framework; includeInIndex = 0; path = DataExport.framework; sourceTree = BUILT_PRODUCTS_DIR; };
		A29F68C3233EAAAB00B8DFDB /* DataExport.h */ = {isa = PBXFileReference; lastKnownFileType = sourcecode.c.h; path = DataExport.h; sourceTree = "<group>"; };
		A29F68C4233EAAAB00B8DFDB /* Info.plist */ = {isa = PBXFileReference; lastKnownFileType = text.plist.xml; path = Info.plist; sourceTree = "<group>"; };
		A29F68CB233EAAF400B8DFDB /* Exportable.swift */ = {isa = PBXFileReference; fileEncoding = 4; lastKnownFileType = sourcecode.swift; path = Exportable.swift; sourceTree = "<group>"; };
		A29F68CD233EAAF400B8DFDB /* BaseExporter.swift */ = {isa = PBXFileReference; fileEncoding = 4; lastKnownFileType = sourcecode.swift; path = BaseExporter.swift; sourceTree = "<group>"; };
		A29F68CF233EAAF400B8DFDB /* Exporter.swift */ = {isa = PBXFileReference; fileEncoding = 4; lastKnownFileType = sourcecode.swift; path = Exporter.swift; sourceTree = "<group>"; };
		A29F68DA233EAB1B00B8DFDB /* Common.framework */ = {isa = PBXFileReference; explicitFileType = wrapper.framework; path = Common.framework; sourceTree = BUILT_PRODUCTS_DIR; };
		ABBCBC4F966955FA2D5C494F /* Pods-DataExport.release.xcconfig */ = {isa = PBXFileReference; includeInIndex = 1; lastKnownFileType = text.xcconfig; name = "Pods-DataExport.release.xcconfig"; path = "../Pods/Target Support Files/Pods-DataExport/Pods-DataExport.release.xcconfig"; sourceTree = "<group>"; };
/* End PBXFileReference section */

/* Begin PBXFrameworksBuildPhase section */
		A29F68BD233EAAAB00B8DFDB /* Frameworks */ = {
			isa = PBXFrameworksBuildPhase;
			buildActionMask = 2147483647;
			files = (
				A231CEBB23415CCE00CCE625 /* DependencyInjection.framework in Frameworks */,
				A29F68DB233EAB1B00B8DFDB /* Common.framework in Frameworks */,
				C1071AEEF8486515693EF96C /* Pods_DataExport.framework in Frameworks */,
			);
			runOnlyForDeploymentPostprocessing = 0;
		};
/* End PBXFrameworksBuildPhase section */

/* Begin PBXGroup section */
		3FF3AE1DF7CCA3E168171BF7 /* Pods */ = {
			isa = PBXGroup;
			children = (
				6A35DAE5EEAF312DF062DF86 /* Pods-DataExport.debug.xcconfig */,
				ABBCBC4F966955FA2D5C494F /* Pods-DataExport.release.xcconfig */,
			);
			name = Pods;
			sourceTree = "<group>";
		};
		A29F68B6233EAAAB00B8DFDB = {
			isa = PBXGroup;
			children = (
				A29F68C2233EAAAB00B8DFDB /* DataExport */,
				A29F68C1233EAAAB00B8DFDB /* Products */,
				A29F68D9233EAB1B00B8DFDB /* Frameworks */,
				3FF3AE1DF7CCA3E168171BF7 /* Pods */,
			);
			sourceTree = "<group>";
		};
		A29F68C1233EAAAB00B8DFDB /* Products */ = {
			isa = PBXGroup;
			children = (
				A29F68C0233EAAAB00B8DFDB /* DataExport.framework */,
			);
			name = Products;
			sourceTree = "<group>";
		};
		A29F68C2233EAAAB00B8DFDB /* DataExport */ = {
			isa = PBXGroup;
			children = (
				A231CEC223424D8D00CCE625 /* DataExportInjectionProvider.swift */,
				A231CEC62342521600CCE625 /* ExporterUtil.swift */,
				A29F68CF233EAAF400B8DFDB /* Exporter.swift */,
				A29F68CB233EAAF400B8DFDB /* Exportable.swift */,
				A29F68CD233EAAF400B8DFDB /* BaseExporter.swift */,
				A29F68C3233EAAAB00B8DFDB /* DataExport.h */,
				A29F68C4233EAAAB00B8DFDB /* Info.plist */,
			);
			path = DataExport;
			sourceTree = "<group>";
		};
		A29F68D9233EAB1B00B8DFDB /* Frameworks */ = {
			isa = PBXGroup;
			children = (
				A231CEBA23415CCE00CCE625 /* DependencyInjection.framework */,
				A29F68DA233EAB1B00B8DFDB /* Common.framework */,
				59E80EBC32C91162AB4338EA /* Pods_DataExport.framework */,
			);
			name = Frameworks;
			sourceTree = "<group>";
		};
/* End PBXGroup section */

/* Begin PBXHeadersBuildPhase section */
		A29F68BB233EAAAB00B8DFDB /* Headers */ = {
			isa = PBXHeadersBuildPhase;
			buildActionMask = 2147483647;
			files = (
				A29F68C5233EAAAB00B8DFDB /* DataExport.h in Headers */,
			);
			runOnlyForDeploymentPostprocessing = 0;
		};
/* End PBXHeadersBuildPhase section */

/* Begin PBXNativeTarget section */
		A29F68BF233EAAAB00B8DFDB /* DataExport */ = {
			isa = PBXNativeTarget;
			buildConfigurationList = A29F68C8233EAAAB00B8DFDB /* Build configuration list for PBXNativeTarget "DataExport" */;
			buildPhases = (
				D77BE5196ECE75D0BEF29521 /* [CP] Check Pods Manifest.lock */,
				A29F68BB233EAAAB00B8DFDB /* Headers */,
				A29F68BC233EAAAB00B8DFDB /* Sources */,
				A29F68BD233EAAAB00B8DFDB /* Frameworks */,
				A29F68BE233EAAAB00B8DFDB /* Resources */,
			);
			buildRules = (
			);
			dependencies = (
			);
			name = DataExport;
			productName = DataExport;
			productReference = A29F68C0233EAAAB00B8DFDB /* DataExport.framework */;
			productType = "com.apple.product-type.framework";
		};
/* End PBXNativeTarget section */

/* Begin PBXProject section */
		A29F68B7233EAAAB00B8DFDB /* Project object */ = {
			isa = PBXProject;
			attributes = {
				LastUpgradeCheck = 1030;
				ORGANIZATIONNAME = "Bryan Nova";
				TargetAttributes = {
					A29F68BF233EAAAB00B8DFDB = {
						CreatedOnToolsVersion = 10.3;
						LastSwiftMigration = 1160;
					};
				};
			};
			buildConfigurationList = A29F68BA233EAAAB00B8DFDB /* Build configuration list for PBXProject "DataExport" */;
			compatibilityVersion = "Xcode 9.3";
			developmentRegion = en;
			hasScannedForEncodings = 0;
			knownRegions = (
				en,
			);
			mainGroup = A29F68B6233EAAAB00B8DFDB;
			productRefGroup = A29F68C1233EAAAB00B8DFDB /* Products */;
			projectDirPath = "";
			projectRoot = "";
			targets = (
				A29F68BF233EAAAB00B8DFDB /* DataExport */,
			);
		};
/* End PBXProject section */

/* Begin PBXResourcesBuildPhase section */
		A29F68BE233EAAAB00B8DFDB /* Resources */ = {
			isa = PBXResourcesBuildPhase;
			buildActionMask = 2147483647;
			files = (
			);
			runOnlyForDeploymentPostprocessing = 0;
		};
/* End PBXResourcesBuildPhase section */

/* Begin PBXShellScriptBuildPhase section */
		D77BE5196ECE75D0BEF29521 /* [CP] Check Pods Manifest.lock */ = {
			isa = PBXShellScriptBuildPhase;
			buildActionMask = 2147483647;
			files = (
			);
			inputPaths = (
				"${PODS_PODFILE_DIR_PATH}/Podfile.lock",
				"${PODS_ROOT}/Manifest.lock",
			);
			name = "[CP] Check Pods Manifest.lock";
			outputPaths = (
				"$(DERIVED_FILE_DIR)/Pods-DataExport-checkManifestLockResult.txt",
			);
			runOnlyForDeploymentPostprocessing = 0;
			shellPath = /bin/sh;
			shellScript = "diff \"${PODS_PODFILE_DIR_PATH}/Podfile.lock\" \"${PODS_ROOT}/Manifest.lock\" > /dev/null\nif [ $? != 0 ] ; then\n    # print error to STDERR\n    echo \"error: The sandbox is not in sync with the Podfile.lock. Run 'pod install' or update your CocoaPods installation.\" >&2\n    exit 1\nfi\n# This output is used by Xcode 'outputs' to avoid re-running this script phase.\necho \"SUCCESS\" > \"${SCRIPT_OUTPUT_FILE_0}\"\n";
			showEnvVarsInLog = 0;
		};
/* End PBXShellScriptBuildPhase section */

/* Begin PBXSourcesBuildPhase section */
		A29F68BC233EAAAB00B8DFDB /* Sources */ = {
			isa = PBXSourcesBuildPhase;
			buildActionMask = 2147483647;
			files = (
				A29F68D2233EAAF500B8DFDB /* Exportable.swift in Sources */,
				A231CEC72342521600CCE625 /* ExporterUtil.swift in Sources */,
				A29F68D4233EAAF500B8DFDB /* BaseExporter.swift in Sources */,
				A231CEC323424D8D00CCE625 /* DataExportInjectionProvider.swift in Sources */,
				A29F68D6233EAAF500B8DFDB /* Exporter.swift in Sources */,
			);
			runOnlyForDeploymentPostprocessing = 0;
		};
/* End PBXSourcesBuildPhase section */

/* Begin XCBuildConfiguration section */
		A29F68C6233EAAAB00B8DFDB /* Debug */ = {
			isa = XCBuildConfiguration;
			buildSettings = {
				ALWAYS_SEARCH_USER_PATHS = NO;
				CLANG_ANALYZER_NONNULL = YES;
				CLANG_ANALYZER_NUMBER_OBJECT_CONVERSION = YES_AGGRESSIVE;
				CLANG_CXX_LANGUAGE_STANDARD = "gnu++14";
				CLANG_CXX_LIBRARY = "libc++";
				CLANG_ENABLE_MODULES = YES;
				CLANG_ENABLE_OBJC_ARC = YES;
				CLANG_ENABLE_OBJC_WEAK = YES;
				CLANG_WARN_BLOCK_CAPTURE_AUTORELEASING = YES;
				CLANG_WARN_BOOL_CONVERSION = YES;
				CLANG_WARN_COMMA = YES;
				CLANG_WARN_CONSTANT_CONVERSION = YES;
				CLANG_WARN_DEPRECATED_OBJC_IMPLEMENTATIONS = YES;
				CLANG_WARN_DIRECT_OBJC_ISA_USAGE = YES_ERROR;
				CLANG_WARN_DOCUMENTATION_COMMENTS = YES;
				CLANG_WARN_EMPTY_BODY = YES;
				CLANG_WARN_ENUM_CONVERSION = YES;
				CLANG_WARN_INFINITE_RECURSION = YES;
				CLANG_WARN_INT_CONVERSION = YES;
				CLANG_WARN_NON_LITERAL_NULL_CONVERSION = YES;
				CLANG_WARN_OBJC_IMPLICIT_RETAIN_SELF = YES;
				CLANG_WARN_OBJC_LITERAL_CONVERSION = YES;
				CLANG_WARN_OBJC_ROOT_CLASS = YES_ERROR;
				CLANG_WARN_RANGE_LOOP_ANALYSIS = YES;
				CLANG_WARN_STRICT_PROTOTYPES = YES;
				CLANG_WARN_SUSPICIOUS_MOVE = YES;
				CLANG_WARN_UNGUARDED_AVAILABILITY = YES_AGGRESSIVE;
				CLANG_WARN_UNREACHABLE_CODE = YES;
				CLANG_WARN__DUPLICATE_METHOD_MATCH = YES;
				CODE_SIGN_IDENTITY = "iPhone Developer";
				COPY_PHASE_STRIP = NO;
				CURRENT_PROJECT_VERSION = 1;
				DEBUG_INFORMATION_FORMAT = dwarf;
				ENABLE_STRICT_OBJC_MSGSEND = YES;
				ENABLE_TESTABILITY = YES;
				GCC_C_LANGUAGE_STANDARD = gnu11;
				GCC_DYNAMIC_NO_PIC = NO;
				GCC_NO_COMMON_BLOCKS = YES;
				GCC_OPTIMIZATION_LEVEL = 0;
				GCC_PREPROCESSOR_DEFINITIONS = (
					"DEBUG=1",
					"$(inherited)",
				);
				GCC_WARN_64_TO_32_BIT_CONVERSION = YES;
				GCC_WARN_ABOUT_RETURN_TYPE = YES_ERROR;
				GCC_WARN_UNDECLARED_SELECTOR = YES;
				GCC_WARN_UNINITIALIZED_AUTOS = YES_AGGRESSIVE;
				GCC_WARN_UNUSED_FUNCTION = YES;
				GCC_WARN_UNUSED_VARIABLE = YES;
				IPHONEOS_DEPLOYMENT_TARGET = 12.1;
				MTL_ENABLE_DEBUG_INFO = INCLUDE_SOURCE;
				MTL_FAST_MATH = YES;
				ONLY_ACTIVE_ARCH = YES;
				SDKROOT = iphoneos;
				SWIFT_ACTIVE_COMPILATION_CONDITIONS = DEBUG;
				SWIFT_OPTIMIZATION_LEVEL = "-Onone";
				VERSIONING_SYSTEM = "apple-generic";
				VERSION_INFO_PREFIX = "";
			};
			name = Debug;
		};
		A29F68C7233EAAAB00B8DFDB /* Release */ = {
			isa = XCBuildConfiguration;
			buildSettings = {
				ALWAYS_SEARCH_USER_PATHS = NO;
				CLANG_ANALYZER_NONNULL = YES;
				CLANG_ANALYZER_NUMBER_OBJECT_CONVERSION = YES_AGGRESSIVE;
				CLANG_CXX_LANGUAGE_STANDARD = "gnu++14";
				CLANG_CXX_LIBRARY = "libc++";
				CLANG_ENABLE_MODULES = YES;
				CLANG_ENABLE_OBJC_ARC = YES;
				CLANG_ENABLE_OBJC_WEAK = YES;
				CLANG_WARN_BLOCK_CAPTURE_AUTORELEASING = YES;
				CLANG_WARN_BOOL_CONVERSION = YES;
				CLANG_WARN_COMMA = YES;
				CLANG_WARN_CONSTANT_CONVERSION = YES;
				CLANG_WARN_DEPRECATED_OBJC_IMPLEMENTATIONS = YES;
				CLANG_WARN_DIRECT_OBJC_ISA_USAGE = YES_ERROR;
				CLANG_WARN_DOCUMENTATION_COMMENTS = YES;
				CLANG_WARN_EMPTY_BODY = YES;
				CLANG_WARN_ENUM_CONVERSION = YES;
				CLANG_WARN_INFINITE_RECURSION = YES;
				CLANG_WARN_INT_CONVERSION = YES;
				CLANG_WARN_NON_LITERAL_NULL_CONVERSION = YES;
				CLANG_WARN_OBJC_IMPLICIT_RETAIN_SELF = YES;
				CLANG_WARN_OBJC_LITERAL_CONVERSION = YES;
				CLANG_WARN_OBJC_ROOT_CLASS = YES_ERROR;
				CLANG_WARN_RANGE_LOOP_ANALYSIS = YES;
				CLANG_WARN_STRICT_PROTOTYPES = YES;
				CLANG_WARN_SUSPICIOUS_MOVE = YES;
				CLANG_WARN_UNGUARDED_AVAILABILITY = YES_AGGRESSIVE;
				CLANG_WARN_UNREACHABLE_CODE = YES;
				CLANG_WARN__DUPLICATE_METHOD_MATCH = YES;
				CODE_SIGN_IDENTITY = "iPhone Developer";
				COPY_PHASE_STRIP = NO;
				CURRENT_PROJECT_VERSION = 1;
				DEBUG_INFORMATION_FORMAT = "dwarf-with-dsym";
				ENABLE_NS_ASSERTIONS = NO;
				ENABLE_STRICT_OBJC_MSGSEND = YES;
				GCC_C_LANGUAGE_STANDARD = gnu11;
				GCC_NO_COMMON_BLOCKS = YES;
				GCC_WARN_64_TO_32_BIT_CONVERSION = YES;
				GCC_WARN_ABOUT_RETURN_TYPE = YES_ERROR;
				GCC_WARN_UNDECLARED_SELECTOR = YES;
				GCC_WARN_UNINITIALIZED_AUTOS = YES_AGGRESSIVE;
				GCC_WARN_UNUSED_FUNCTION = YES;
				GCC_WARN_UNUSED_VARIABLE = YES;
				IPHONEOS_DEPLOYMENT_TARGET = 12.1;
				MTL_ENABLE_DEBUG_INFO = NO;
				MTL_FAST_MATH = YES;
				SDKROOT = iphoneos;
				SWIFT_COMPILATION_MODE = wholemodule;
				SWIFT_OPTIMIZATION_LEVEL = "-O";
				VALIDATE_PRODUCT = YES;
				VERSIONING_SYSTEM = "apple-generic";
				VERSION_INFO_PREFIX = "";
			};
			name = Release;
		};
		A29F68C9233EAAAB00B8DFDB /* Debug */ = {
			isa = XCBuildConfiguration;
			baseConfigurationReference = 6A35DAE5EEAF312DF062DF86 /* Pods-DataExport.debug.xcconfig */;
			buildSettings = {
				CLANG_ENABLE_MODULES = YES;
				CODE_SIGN_IDENTITY = "";
				CODE_SIGN_STYLE = Automatic;
				DEFINES_MODULE = YES;
				DEVELOPMENT_TEAM = M4DG35ZPLD;
				DYLIB_COMPATIBILITY_VERSION = 1;
				DYLIB_CURRENT_VERSION = 1;
				DYLIB_INSTALL_NAME_BASE = "@rpath";
				INFOPLIST_FILE = DataExport/Info.plist;
				INSTALL_PATH = "$(LOCAL_LIBRARY_DIR)/Frameworks";
				IPHONEOS_DEPLOYMENT_TARGET = 12.1;
				LD_RUNPATH_SEARCH_PATHS = (
					"$(inherited)",
					"@executable_path/Frameworks",
					"@loader_path/Frameworks",
				);
				MACH_O_TYPE = staticlib;
				PRODUCT_BUNDLE_IDENTIFIER = com.bnova.DataExport;
				PRODUCT_NAME = "$(TARGET_NAME:c99extidentifier)";
				SKIP_INSTALL = YES;
				SWIFT_OPTIMIZATION_LEVEL = "-Onone";
				SWIFT_VERSION = 5.0;
				TARGETED_DEVICE_FAMILY = "1,2";
			};
			name = Debug;
		};
		A29F68CA233EAAAB00B8DFDB /* Release */ = {
			isa = XCBuildConfiguration;
			baseConfigurationReference = ABBCBC4F966955FA2D5C494F /* Pods-DataExport.release.xcconfig */;
			buildSettings = {
				CLANG_ENABLE_MODULES = YES;
				CODE_SIGN_IDENTITY = "";
				CODE_SIGN_STYLE = Automatic;
				DEFINES_MODULE = YES;
				DEVELOPMENT_TEAM = M4DG35ZPLD;
				DYLIB_COMPATIBILITY_VERSION = 1;
				DYLIB_CURRENT_VERSION = 1;
				DYLIB_INSTALL_NAME_BASE = "@rpath";
				INFOPLIST_FILE = DataExport/Info.plist;
				INSTALL_PATH = "$(LOCAL_LIBRARY_DIR)/Frameworks";
				IPHONEOS_DEPLOYMENT_TARGET = 12.1;
				LD_RUNPATH_SEARCH_PATHS = (
					"$(inherited)",
					"@executable_path/Frameworks",
					"@loader_path/Frameworks",
				);
				MACH_O_TYPE = staticlib;
				PRODUCT_BUNDLE_IDENTIFIER = com.bnova.DataExport;
				PRODUCT_NAME = "$(TARGET_NAME:c99extidentifier)";
				SKIP_INSTALL = YES;
				SWIFT_VERSION = 5.0;
				TARGETED_DEVICE_FAMILY = "1,2";
			};
			name = Release;
		};
/* End XCBuildConfiguration section */

/* Begin XCConfigurationList section */
		A29F68BA233EAAAB00B8DFDB /* Build configuration list for PBXProject "DataExport" */ = {
			isa = XCConfigurationList;
			buildConfigurations = (
				A29F68C6233EAAAB00B8DFDB /* Debug */,
				A29F68C7233EAAAB00B8DFDB /* Release */,
			);
			defaultConfigurationIsVisible = 0;
			defaultConfigurationName = Release;
		};
		A29F68C8233EAAAB00B8DFDB /* Build configuration list for PBXNativeTarget "DataExport" */ = {
			isa = XCConfigurationList;
			buildConfigurations = (
				A29F68C9233EAAAB00B8DFDB /* Debug */,
				A29F68CA233EAAAB00B8DFDB /* Release */,
			);
			defaultConfigurationIsVisible = 0;
			defaultConfigurationName = Release;
		};
/* End XCConfigurationList section */
	};
	rootObject = A29F68B7233EAAAB00B8DFDB /* Project object */;
}
